
Microsoft Visual Studio Solution File, Format Version 12.00
# Visual Studio 15
VisualStudioVersion = 15.0.28307.421
MinimumVisualStudioVersion = 10.0.40219.1
Project("{FAE04EC0-301F-11D3-BF4B-00C04F79EFBC}") = "TestApp", "TestApp\TestApp.csproj", "{73019BEB-0014-407F-8AD0-A50AC3829FFC}"
EndProject
Global
	GlobalSection(SolutionConfigurationPlatforms) = preSolution
		Debug|Any CPU = Debug|Any CPU
		Release|Any CPU = Release|Any CPU
	EndGlobalSection
	GlobalSection(ProjectConfigurationPlatforms) = postSolution
		{73019BEB-0014-407F-8AD0-A50AC3829FFC}.Debug|Any CPU.ActiveCfg = Debug|Any CPU
		{73019BEB-0014-407F-8AD0-A50AC3829FFC}.Debug|Any CPU.Build.0 = Debug|Any CPU
		{73019BEB-0014-407F-8AD0-A50AC3829FFC}.Release|Any CPU.ActiveCfg = Release|Any CPU
		{73019BEB-0014-407F-8AD0-A50AC3829FFC}.Release|Any CPU.Build.0 = Release|Any CPU
	EndGlobalSection
	GlobalSection(SolutionProperties) = preSolution
		HideSolutionNode = FALSE
	EndGlobalSection
	GlobalSection(ExtensibilityGlobals) = postSolution
		SolutionGuid = {536EBCFB-E4D9-4A79-B104-CD2023DE3B8D}
	EndGlobalSection
EndGlobal
